// !$*UTF8*$!
{
	archiveVersion = 1;
	classes = {
	};
	objectVersion = 46;
	objects = {

/* Begin PBXBuildFile section */
		3218F63D149FDB7D00FCBC3A /* liz_common.c in Sources */ = {isa = PBXBuildFile; fileRef = 32F7742B14925BD700328CB7 /* liz_common.c */; };
		322622831493EC230073CFB7 /* liz_platform_types_test.cpp in Sources */ = {isa = PBXBuildFile; fileRef = 3226227F1493EC230073CFB7 /* liz_platform_types_test.cpp */; };
		322622841493EC230073CFB7 /* liz_lookaside_stack_test.cpp in Sources */ = {isa = PBXBuildFile; fileRef = 322622801493EC230073CFB7 /* liz_lookaside_stack_test.cpp */; };
		322622851493EC230073CFB7 /* liz_lookaside_double_stack_test.cpp in Sources */ = {isa = PBXBuildFile; fileRef = 322622811493EC230073CFB7 /* liz_lookaside_double_stack_test.cpp */; };
		322622861493EC230073CFB7 /* liz_allocator_test.cpp in Sources */ = {isa = PBXBuildFile; fileRef = 322622821493EC230073CFB7 /* liz_allocator_test.cpp */; };
		3226228C1493FC1E0073CFB7 /* liz_allocator.c in Sources */ = {isa = PBXBuildFile; fileRef = 325D2D7C1491624E008EBB88 /* liz_allocator.c */; };
		3226228E1493FCB90073CFB7 /* liz_lookaside_double_stack.h in Headers */ = {isa = PBXBuildFile; fileRef = 3226228D1493FCB90073CFB7 /* liz_lookaside_double_stack.h */; settings = {ATTRIBUTES = (Private, ); }; };
		32342B7914965E9100C3B81E /* liz_vm_test.cpp in Sources */ = {isa = PBXBuildFile; fileRef = 32342B7814965E9100C3B81E /* liz_vm_test.cpp */; };
		32342B7B1496649E00C3B81E /* liz_vm.c in Sources */ = {isa = PBXBuildFile; fileRef = 325D2D6B149137F6008EBB88 /* liz_vm.c */; };
		325D2D28148D2290008EBB88 /* Cocoa.framework in Frameworks */ = {isa = PBXBuildFile; fileRef = 325D2D27148D2290008EBB88 /* Cocoa.framework */; };
		325D2D32148D2290008EBB88 /* InfoPlist.strings in Resources */ = {isa = PBXBuildFile; fileRef = 325D2D30148D2290008EBB88 /* InfoPlist.strings */; };
		325D2D611490D9E2008EBB88 /* libunittestpp.a in Frameworks */ = {isa = PBXBuildFile; fileRef = 325D2D601490D9E2008EBB88 /* libunittestpp.a */; };
		325D2D6714910C1E008EBB88 /* liz_test_main.cpp in Sources */ = {isa = PBXBuildFile; fileRef = 325D2D6614910C1E008EBB88 /* liz_test_main.cpp */; };
		325D2D6A14910DD9008EBB88 /* liz_common.h in Headers */ = {isa = PBXBuildFile; fileRef = 325D2D6914910D9D008EBB88 /* liz_common.h */; settings = {ATTRIBUTES = (Public, ); }; };
		325D2D6C149137F6008EBB88 /* liz_vm.c in Sources */ = {isa = PBXBuildFile; fileRef = 325D2D6B149137F6008EBB88 /* liz_vm.c */; };
		325D2D72149155F1008EBB88 /* liz_platform_types.h in Headers */ = {isa = PBXBuildFile; fileRef = 325D2D71149155F1008EBB88 /* liz_platform_types.h */; settings = {ATTRIBUTES = (Public, ); }; };
		325D2D7414915707008EBB88 /* liz_platform_macros.h in Headers */ = {isa = PBXBuildFile; fileRef = 325D2D7314915707008EBB88 /* liz_platform_macros.h */; settings = {ATTRIBUTES = (Public, ); }; };
		325D2D7614915E10008EBB88 /* liz_vm.h in Headers */ = {isa = PBXBuildFile; fileRef = 325D2D7514915E10008EBB88 /* liz_vm.h */; settings = {ATTRIBUTES = (Public, ); }; };
		325D2D7814915E58008EBB88 /* liz_assert.h in Headers */ = {isa = PBXBuildFile; fileRef = 325D2D7714915E58008EBB88 /* liz_assert.h */; settings = {ATTRIBUTES = (Private, ); }; };
		325D2D7D1491624E008EBB88 /* liz_allocator.h in Headers */ = {isa = PBXBuildFile; fileRef = 325D2D7B1491624E008EBB88 /* liz_allocator.h */; settings = {ATTRIBUTES = (Public, ); }; };
		325D2D7E1491624E008EBB88 /* liz_allocator.c in Sources */ = {isa = PBXBuildFile; fileRef = 325D2D7C1491624E008EBB88 /* liz_allocator.c */; };
		325D2D801491672F008EBB88 /* liz_platform_functions.h in Headers */ = {isa = PBXBuildFile; fileRef = 325D2D7F1491672F008EBB88 /* liz_platform_functions.h */; settings = {ATTRIBUTES = (Public, ); }; };
		325D2D8A14916DC2008EBB88 /* liz_common_internal.h in Headers */ = {isa = PBXBuildFile; fileRef = 325D2D8914916DC2008EBB88 /* liz_common_internal.h */; settings = {ATTRIBUTES = (Private, ); }; };
		327B979914991BC100EFAA12 /* liz_common_internal_test.cpp in Sources */ = {isa = PBXBuildFile; fileRef = 327B979814991BC100EFAA12 /* liz_common_internal_test.cpp */; };
		32F7742C14925BD700328CB7 /* liz_common.c in Sources */ = {isa = PBXBuildFile; fileRef = 32F7742B14925BD700328CB7 /* liz_common.c */; };
		32F7742F1492A4E400328CB7 /* liz_lookaside_stack.h in Headers */ = {isa = PBXBuildFile; fileRef = 32F7742D1492A4E400328CB7 /* liz_lookaside_stack.h */; settings = {ATTRIBUTES = (Private, ); }; };
/* End PBXBuildFile section */

/* Begin PBXCopyFilesBuildPhase section */
		325D2D4E1490D78E008EBB88 /* CopyFiles */ = {
			isa = PBXCopyFilesBuildPhase;
			buildActionMask = 2147483647;
			dstPath = /usr/share/man/man1/;
			dstSubfolderSpec = 0;
			files = (
			);
			runOnlyForDeploymentPostprocessing = 1;
		};
/* End PBXCopyFilesBuildPhase section */

/* Begin PBXFileReference section */
		3226227F1493EC230073CFB7 /* liz_platform_types_test.cpp */ = {isa = PBXFileReference; fileEncoding = 4; lastKnownFileType = sourcecode.cpp.cpp; path = liz_platform_types_test.cpp; sourceTree = "<group>"; };
		322622801493EC230073CFB7 /* liz_lookaside_stack_test.cpp */ = {isa = PBXFileReference; fileEncoding = 4; lastKnownFileType = sourcecode.cpp.cpp; path = liz_lookaside_stack_test.cpp; sourceTree = "<group>"; };
		322622811493EC230073CFB7 /* liz_lookaside_double_stack_test.cpp */ = {isa = PBXFileReference; fileEncoding = 4; lastKnownFileType = sourcecode.cpp.cpp; path = liz_lookaside_double_stack_test.cpp; sourceTree = "<group>"; };
		322622821493EC230073CFB7 /* liz_allocator_test.cpp */ = {isa = PBXFileReference; fileEncoding = 4; lastKnownFileType = sourcecode.cpp.cpp; path = liz_allocator_test.cpp; sourceTree = "<group>"; };
		3226228D1493FCB90073CFB7 /* liz_lookaside_double_stack.h */ = {isa = PBXFileReference; fileEncoding = 4; lastKnownFileType = sourcecode.c.h; path = liz_lookaside_double_stack.h; sourceTree = "<group>"; };
		32342B7814965E9100C3B81E /* liz_vm_test.cpp */ = {isa = PBXFileReference; fileEncoding = 4; lastKnownFileType = sourcecode.cpp.cpp; path = liz_vm_test.cpp; sourceTree = "<group>"; };
		325D2D24148D2290008EBB88 /* liz.framework */ = {isa = PBXFileReference; explicitFileType = wrapper.framework; includeInIndex = 0; path = liz.framework; sourceTree = BUILT_PRODUCTS_DIR; };
		325D2D27148D2290008EBB88 /* Cocoa.framework */ = {isa = PBXFileReference; lastKnownFileType = wrapper.framework; name = Cocoa.framework; path = System/Library/Frameworks/Cocoa.framework; sourceTree = SDKROOT; };
		325D2D2A148D2290008EBB88 /* AppKit.framework */ = {isa = PBXFileReference; lastKnownFileType = wrapper.framework; name = AppKit.framework; path = System/Library/Frameworks/AppKit.framework; sourceTree = SDKROOT; };
		325D2D2B148D2290008EBB88 /* CoreData.framework */ = {isa = PBXFileReference; lastKnownFileType = wrapper.framework; name = CoreData.framework; path = System/Library/Frameworks/CoreData.framework; sourceTree = SDKROOT; };
		325D2D2C148D2290008EBB88 /* Foundation.framework */ = {isa = PBXFileReference; lastKnownFileType = wrapper.framework; name = Foundation.framework; path = System/Library/Frameworks/Foundation.framework; sourceTree = SDKROOT; };
		325D2D2F148D2290008EBB88 /* liz-Info.plist */ = {isa = PBXFileReference; lastKnownFileType = text.plist.xml; path = "liz-Info.plist"; sourceTree = "<group>"; };
		325D2D31148D2290008EBB88 /* en */ = {isa = PBXFileReference; lastKnownFileType = text.plist.strings; name = en; path = en.lproj/InfoPlist.strings; sourceTree = "<group>"; };
		325D2D33148D2290008EBB88 /* liz-Prefix.pch */ = {isa = PBXFileReference; lastKnownFileType = sourcecode.c.h; path = "liz-Prefix.pch"; sourceTree = "<group>"; };
		325D2D42148EBC4E008EBB88 /* liz_framework.xcconfig */ = {isa = PBXFileReference; lastKnownFileType = text.xcconfig; path = liz_framework.xcconfig; sourceTree = "<group>"; };
		325D2D43148EBC60008EBB88 /* compiler_warnings.xcconfig */ = {isa = PBXFileReference; lastKnownFileType = text.xcconfig; path = compiler_warnings.xcconfig; sourceTree = "<group>"; };
		325D2D44148EBC60008EBB88 /* liz_common.xcconfig */ = {isa = PBXFileReference; lastKnownFileType = text.xcconfig; path = liz_common.xcconfig; sourceTree = "<group>"; };
		325D2D4A1490D734008EBB88 /* COPYRIGHT.txt */ = {isa = PBXFileReference; lastKnownFileType = text; name = COPYRIGHT.txt; path = ../../../COPYRIGHT.txt; sourceTree = "<group>"; };
		325D2D4B1490D735008EBB88 /* README.md */ = {isa = PBXFileReference; lastKnownFileType = text; name = README.md; path = ../../../README.md; sourceTree = "<group>"; };
		325D2D501490D78E008EBB88 /* liz_test */ = {isa = PBXFileReference; explicitFileType = "compiled.mach-o.executable"; includeInIndex = 0; path = liz_test; sourceTree = BUILT_PRODUCTS_DIR; };
		325D2D5B1490D801008EBB88 /* liz_test.1 */ = {isa = PBXFileReference; lastKnownFileType = text.man; path = liz_test.1; sourceTree = "<group>"; };
		325D2D5C1490D801008EBB88 /* liz_test.xcconfig */ = {isa = PBXFileReference; lastKnownFileType = text.xcconfig; path = liz_test.xcconfig; sourceTree = "<group>"; };
		325D2D5E1490D801008EBB88 /* UnitTest++.xcconfig */ = {isa = PBXFileReference; lastKnownFileType = text.xcconfig; path = "UnitTest++.xcconfig"; sourceTree = "<group>"; };
		325D2D601490D9E2008EBB88 /* libunittestpp.a */ = {isa = PBXFileReference; lastKnownFileType = archive.ar; name = libunittestpp.a; path = lib/win32_gcc_debug/libunittestpp.a; sourceTree = UNITTESTPP; };
		325D2D6614910C1E008EBB88 /* liz_test_main.cpp */ = {isa = PBXFileReference; fileEncoding = 4; lastKnownFileType = sourcecode.cpp.cpp; path = liz_test_main.cpp; sourceTree = "<group>"; };
		325D2D6914910D9D008EBB88 /* liz_common.h */ = {isa = PBXFileReference; fileEncoding = 4; lastKnownFileType = sourcecode.c.h; path = liz_common.h; sourceTree = "<group>"; };
		325D2D6B149137F6008EBB88 /* liz_vm.c */ = {isa = PBXFileReference; fileEncoding = 4; lastKnownFileType = sourcecode.c.c; path = liz_vm.c; sourceTree = "<group>"; };
		325D2D71149155F1008EBB88 /* liz_platform_types.h */ = {isa = PBXFileReference; fileEncoding = 4; lastKnownFileType = sourcecode.c.h; path = liz_platform_types.h; sourceTree = "<group>"; };
		325D2D7314915707008EBB88 /* liz_platform_macros.h */ = {isa = PBXFileReference; fileEncoding = 4; lastKnownFileType = sourcecode.c.h; path = liz_platform_macros.h; sourceTree = "<group>"; };
		325D2D7514915E10008EBB88 /* liz_vm.h */ = {isa = PBXFileReference; fileEncoding = 4; lastKnownFileType = sourcecode.c.h; path = liz_vm.h; sourceTree = "<group>"; };
		325D2D7714915E58008EBB88 /* liz_assert.h */ = {isa = PBXFileReference; fileEncoding = 4; lastKnownFileType = sourcecode.c.h; path = liz_assert.h; sourceTree = "<group>"; };
		325D2D7B1491624E008EBB88 /* liz_allocator.h */ = {isa = PBXFileReference; fileEncoding = 4; lastKnownFileType = sourcecode.c.h; path = liz_allocator.h; sourceTree = "<group>"; };
		325D2D7C1491624E008EBB88 /* liz_allocator.c */ = {isa = PBXFileReference; fileEncoding = 4; lastKnownFileType = sourcecode.c.c; path = liz_allocator.c; sourceTree = "<group>"; };
		325D2D7F1491672F008EBB88 /* liz_platform_functions.h */ = {isa = PBXFileReference; fileEncoding = 4; lastKnownFileType = sourcecode.c.h; path = liz_platform_functions.h; sourceTree = "<group>"; };
		325D2D8914916DC2008EBB88 /* liz_common_internal.h */ = {isa = PBXFileReference; fileEncoding = 4; lastKnownFileType = sourcecode.c.h; path = liz_common_internal.h; sourceTree = "<group>"; };
		327B979814991BC100EFAA12 /* liz_common_internal_test.cpp */ = {isa = PBXFileReference; fileEncoding = 4; lastKnownFileType = sourcecode.cpp.cpp; path = liz_common_internal_test.cpp; sourceTree = "<group>"; };
		32F7742B14925BD700328CB7 /* liz_common.c */ = {isa = PBXFileReference; fileEncoding = 4; lastKnownFileType = sourcecode.c.c; path = liz_common.c; sourceTree = "<group>"; };
		32F7742D1492A4E400328CB7 /* liz_lookaside_stack.h */ = {isa = PBXFileReference; fileEncoding = 4; lastKnownFileType = sourcecode.c.h; path = liz_lookaside_stack.h; sourceTree = "<group>"; };
/* End PBXFileReference section */

/* Begin PBXFrameworksBuildPhase section */
		325D2D20148D2290008EBB88 /* Frameworks */ = {
			isa = PBXFrameworksBuildPhase;
			buildActionMask = 2147483647;
			files = (
				325D2D28148D2290008EBB88 /* Cocoa.framework in Frameworks */,
			);
			runOnlyForDeploymentPostprocessing = 0;
		};
		325D2D4D1490D78E008EBB88 /* Frameworks */ = {
			isa = PBXFrameworksBuildPhase;
			buildActionMask = 2147483647;
			files = (
				325D2D611490D9E2008EBB88 /* libunittestpp.a in Frameworks */,
			);
			runOnlyForDeploymentPostprocessing = 0;
		};
/* End PBXFrameworksBuildPhase section */

/* Begin PBXGroup section */
		325D2D18148D2290008EBB88 = {
			isa = PBXGroup;
			children = (
				325D2D3E148D2401008EBB88 /* src */,
				325D2D41148D2429008EBB88 /* test */,
				325D2D3C148D23A9008EBB88 /* Xcode specific */,
				325D2D491490D715008EBB88 /* Documentation */,
				325D2D26148D2290008EBB88 /* Frameworks */,
				325D2D25148D2290008EBB88 /* Products */,
			);
			sourceTree = "<group>";
		};
		325D2D25148D2290008EBB88 /* Products */ = {
			isa = PBXGroup;
			children = (
				325D2D24148D2290008EBB88 /* liz.framework */,
				325D2D501490D78E008EBB88 /* liz_test */,
			);
			name = Products;
			sourceTree = "<group>";
		};
		325D2D26148D2290008EBB88 /* Frameworks */ = {
			isa = PBXGroup;
			children = (
				325D2D601490D9E2008EBB88 /* libunittestpp.a */,
				325D2D29148D2290008EBB88 /* Other Frameworks */,
			);
			name = Frameworks;
			sourceTree = "<group>";
		};
		325D2D29148D2290008EBB88 /* Other Frameworks */ = {
			isa = PBXGroup;
			children = (
				325D2D27148D2290008EBB88 /* Cocoa.framework */,
				325D2D2A148D2290008EBB88 /* AppKit.framework */,
				325D2D2B148D2290008EBB88 /* CoreData.framework */,
				325D2D2C148D2290008EBB88 /* Foundation.framework */,
			);
			name = "Other Frameworks";
			sourceTree = "<group>";
		};
		325D2D2D148D2290008EBB88 /* liz framework */ = {
			isa = PBXGroup;
			children = (
				325D2D42148EBC4E008EBB88 /* liz_framework.xcconfig */,
				325D2D2E148D2290008EBB88 /* Supporting Files */,
			);
			name = "liz framework";
			path = liz;
			sourceTree = "<group>";
		};
		325D2D2E148D2290008EBB88 /* Supporting Files */ = {
			isa = PBXGroup;
			children = (
				325D2D2F148D2290008EBB88 /* liz-Info.plist */,
				325D2D30148D2290008EBB88 /* InfoPlist.strings */,
				325D2D33148D2290008EBB88 /* liz-Prefix.pch */,
			);
			name = "Supporting Files";
			sourceTree = "<group>";
		};
		325D2D3C148D23A9008EBB88 /* Xcode specific */ = {
			isa = PBXGroup;
			children = (
				325D2D5A1490D801008EBB88 /* liz_test */,
				325D2D43148EBC60008EBB88 /* compiler_warnings.xcconfig */,
				325D2D44148EBC60008EBB88 /* liz_common.xcconfig */,
				325D2D2D148D2290008EBB88 /* liz framework */,
			);
			name = "Xcode specific";
			sourceTree = "<group>";
		};
		325D2D3E148D2401008EBB88 /* src */ = {
			isa = PBXGroup;
			children = (
				325D2D3F148D2401008EBB88 /* c */,
			);
			name = src;
			path = ../../../src;
			sourceTree = "<group>";
		};
		325D2D3F148D2401008EBB88 /* c */ = {
			isa = PBXGroup;
			children = (
				325D2D40148D2401008EBB88 /* liz */,
			);
			path = c;
			sourceTree = "<group>";
		};
		325D2D40148D2401008EBB88 /* liz */ = {
			isa = PBXGroup;
			children = (
				325D2D71149155F1008EBB88 /* liz_platform_types.h */,
				325D2D7314915707008EBB88 /* liz_platform_macros.h */,
				325D2D7F1491672F008EBB88 /* liz_platform_functions.h */,
				325D2D7714915E58008EBB88 /* liz_assert.h */,
				325D2D7B1491624E008EBB88 /* liz_allocator.h */,
				325D2D7C1491624E008EBB88 /* liz_allocator.c */,
				32F7742D1492A4E400328CB7 /* liz_lookaside_stack.h */,
				3226228D1493FCB90073CFB7 /* liz_lookaside_double_stack.h */,
				325D2D6914910D9D008EBB88 /* liz_common.h */,
				325D2D8914916DC2008EBB88 /* liz_common_internal.h */,
				32F7742B14925BD700328CB7 /* liz_common.c */,
				325D2D7514915E10008EBB88 /* liz_vm.h */,
				325D2D6B149137F6008EBB88 /* liz_vm.c */,
			);
			path = liz;
			sourceTree = "<group>";
		};
		325D2D41148D2429008EBB88 /* test */ = {
			isa = PBXGroup;
			children = (
				325D2D6614910C1E008EBB88 /* liz_test_main.cpp */,
				3226227F1493EC230073CFB7 /* liz_platform_types_test.cpp */,
				322622821493EC230073CFB7 /* liz_allocator_test.cpp */,
				322622801493EC230073CFB7 /* liz_lookaside_stack_test.cpp */,
				322622811493EC230073CFB7 /* liz_lookaside_double_stack_test.cpp */,
				327B979814991BC100EFAA12 /* liz_common_internal_test.cpp */,
				32342B7814965E9100C3B81E /* liz_vm_test.cpp */,
			);
			name = test;
			path = ../../../test;
			sourceTree = "<group>";
		};
		325D2D491490D715008EBB88 /* Documentation */ = {
			isa = PBXGroup;
			children = (
				325D2D4A1490D734008EBB88 /* COPYRIGHT.txt */,
				325D2D4B1490D735008EBB88 /* README.md */,
			);
			name = Documentation;
			sourceTree = "<group>";
		};
		325D2D5A1490D801008EBB88 /* liz_test */ = {
			isa = PBXGroup;
			children = (
				325D2D5B1490D801008EBB88 /* liz_test.1 */,
				325D2D5C1490D801008EBB88 /* liz_test.xcconfig */,
				325D2D5E1490D801008EBB88 /* UnitTest++.xcconfig */,
			);
			path = liz_test;
			sourceTree = "<group>";
		};
/* End PBXGroup section */

/* Begin PBXHeadersBuildPhase section */
		325D2D21148D2290008EBB88 /* Headers */ = {
			isa = PBXHeadersBuildPhase;
			buildActionMask = 2147483647;
			files = (
				325D2D6A14910DD9008EBB88 /* liz_common.h in Headers */,
				325D2D72149155F1008EBB88 /* liz_platform_types.h in Headers */,
				325D2D7414915707008EBB88 /* liz_platform_macros.h in Headers */,
				325D2D7614915E10008EBB88 /* liz_vm.h in Headers */,
				325D2D7D1491624E008EBB88 /* liz_allocator.h in Headers */,
				325D2D801491672F008EBB88 /* liz_platform_functions.h in Headers */,
				325D2D7814915E58008EBB88 /* liz_assert.h in Headers */,
				32F7742F1492A4E400328CB7 /* liz_lookaside_stack.h in Headers */,
				325D2D8A14916DC2008EBB88 /* liz_common_internal.h in Headers */,
				3226228E1493FCB90073CFB7 /* liz_lookaside_double_stack.h in Headers */,
			);
			runOnlyForDeploymentPostprocessing = 0;
		};
/* End PBXHeadersBuildPhase section */

/* Begin PBXNativeTarget section */
		325D2D23148D2290008EBB88 /* liz */ = {
			isa = PBXNativeTarget;
			buildConfigurationList = 325D2D39148D2290008EBB88 /* Build configuration list for PBXNativeTarget "liz" */;
			buildPhases = (
				325D2D1F148D2290008EBB88 /* Sources */,
				325D2D20148D2290008EBB88 /* Frameworks */,
				325D2D21148D2290008EBB88 /* Headers */,
				325D2D22148D2290008EBB88 /* Resources */,
			);
			buildRules = (
			);
			dependencies = (
			);
			name = liz;
			productName = liz;
			productReference = 325D2D24148D2290008EBB88 /* liz.framework */;
			productType = "com.apple.product-type.framework";
		};
		325D2D4F1490D78E008EBB88 /* liz_test */ = {
			isa = PBXNativeTarget;
			buildConfigurationList = 325D2D571490D78E008EBB88 /* Build configuration list for PBXNativeTarget "liz_test" */;
			buildPhases = (
				325D2D4C1490D78E008EBB88 /* Sources */,
				325D2D4D1490D78E008EBB88 /* Frameworks */,
				325D2D4E1490D78E008EBB88 /* CopyFiles */,
			);
			buildRules = (
			);
			dependencies = (
			);
			name = liz_test;
			productName = liz_test;
			productReference = 325D2D501490D78E008EBB88 /* liz_test */;
			productType = "com.apple.product-type.tool";
		};
/* End PBXNativeTarget section */

/* Begin PBXProject section */
		325D2D1A148D2290008EBB88 /* Project object */ = {
			isa = PBXProject;
			attributes = {
				LastUpgradeCheck = 0420;
				ORGANIZATIONNAME = "Bjoern Knafla Parallelization + AI + Gamedev";
			};
			buildConfigurationList = 325D2D1D148D2290008EBB88 /* Build configuration list for PBXProject "liz" */;
			compatibilityVersion = "Xcode 3.2";
			developmentRegion = English;
			hasScannedForEncodings = 0;
			knownRegions = (
				en,
			);
			mainGroup = 325D2D18148D2290008EBB88;
			productRefGroup = 325D2D25148D2290008EBB88 /* Products */;
			projectDirPath = "";
			projectRoot = "";
			targets = (
				325D2D23148D2290008EBB88 /* liz */,
				325D2D4F1490D78E008EBB88 /* liz_test */,
			);
		};
/* End PBXProject section */

/* Begin PBXResourcesBuildPhase section */
		325D2D22148D2290008EBB88 /* Resources */ = {
			isa = PBXResourcesBuildPhase;
			buildActionMask = 2147483647;
			files = (
				325D2D32148D2290008EBB88 /* InfoPlist.strings in Resources */,
			);
			runOnlyForDeploymentPostprocessing = 0;
		};
/* End PBXResourcesBuildPhase section */

/* Begin PBXSourcesBuildPhase section */
		325D2D1F148D2290008EBB88 /* Sources */ = {
			isa = PBXSourcesBuildPhase;
			buildActionMask = 2147483647;
			files = (
				325D2D6C149137F6008EBB88 /* liz_vm.c in Sources */,
				325D2D7E1491624E008EBB88 /* liz_allocator.c in Sources */,
				32F7742C14925BD700328CB7 /* liz_common.c in Sources */,
			);
			runOnlyForDeploymentPostprocessing = 0;
		};
		325D2D4C1490D78E008EBB88 /* Sources */ = {
			isa = PBXSourcesBuildPhase;
			buildActionMask = 2147483647;
			files = (
				325D2D6714910C1E008EBB88 /* liz_test_main.cpp in Sources */,
				322622831493EC230073CFB7 /* liz_platform_types_test.cpp in Sources */,
				322622841493EC230073CFB7 /* liz_lookaside_stack_test.cpp in Sources */,
				322622851493EC230073CFB7 /* liz_lookaside_double_stack_test.cpp in Sources */,
				3226228C1493FC1E0073CFB7 /* liz_allocator.c in Sources */,
				322622861493EC230073CFB7 /* liz_allocator_test.cpp in Sources */,
				32342B7B1496649E00C3B81E /* liz_vm.c in Sources */,
				32342B7914965E9100C3B81E /* liz_vm_test.cpp in Sources */,
				3218F63D149FDB7D00FCBC3A /* liz_common.c in Sources */,
				327B979914991BC100EFAA12 /* liz_common_internal_test.cpp in Sources */,
			);
			runOnlyForDeploymentPostprocessing = 0;
		};
/* End PBXSourcesBuildPhase section */

/* Begin PBXVariantGroup section */
		325D2D30148D2290008EBB88 /* InfoPlist.strings */ = {
			isa = PBXVariantGroup;
			children = (
				325D2D31148D2290008EBB88 /* en */,
			);
			name = InfoPlist.strings;
			sourceTree = "<group>";
		};
/* End PBXVariantGroup section */

/* Begin XCBuildConfiguration section */
		325D2D37148D2290008EBB88 /* Debug */ = {
			isa = XCBuildConfiguration;
			buildSettings = {
				ALWAYS_SEARCH_USER_PATHS = NO;
				ARCHS = "$(ARCHS_STANDARD_64_BIT)";
				CLANG_ENABLE_OBJC_ARC = YES;
				COPY_PHASE_STRIP = NO;
				GCC_C_LANGUAGE_STANDARD = gnu99;
				GCC_DYNAMIC_NO_PIC = NO;
				GCC_ENABLE_OBJC_EXCEPTIONS = YES;
				GCC_OPTIMIZATION_LEVEL = 0;
				GCC_PREPROCESSOR_DEFINITIONS = (
					"DEBUG=1",
					"$(inherited)",
				);
				GCC_SYMBOLS_PRIVATE_EXTERN = NO;
				GCC_VERSION = com.apple.compilers.llvm.clang.1_0;
				GCC_WARN_64_TO_32_BIT_CONVERSION = YES;
				GCC_WARN_ABOUT_MISSING_PROTOTYPES = YES;
				GCC_WARN_ABOUT_RETURN_TYPE = YES;
				GCC_WARN_UNUSED_VARIABLE = YES;
				MACOSX_DEPLOYMENT_TARGET = 10.7;
				ONLY_ACTIVE_ARCH = YES;
				SDKROOT = macosx;
			};
			name = Debug;
		};
		325D2D38148D2290008EBB88 /* Release */ = {
			isa = XCBuildConfiguration;
			buildSettings = {
				ALWAYS_SEARCH_USER_PATHS = NO;
				ARCHS = "$(ARCHS_STANDARD_64_BIT)";
				CLANG_ENABLE_OBJC_ARC = YES;
				COPY_PHASE_STRIP = YES;
				DEBUG_INFORMATION_FORMAT = "dwarf-with-dsym";
				GCC_C_LANGUAGE_STANDARD = gnu99;
				GCC_ENABLE_OBJC_EXCEPTIONS = YES;
				GCC_VERSION = com.apple.compilers.llvm.clang.1_0;
				GCC_WARN_64_TO_32_BIT_CONVERSION = YES;
				GCC_WARN_ABOUT_MISSING_PROTOTYPES = YES;
				GCC_WARN_ABOUT_RETURN_TYPE = YES;
				GCC_WARN_UNUSED_VARIABLE = YES;
				MACOSX_DEPLOYMENT_TARGET = 10.7;
				SDKROOT = macosx;
			};
			name = Release;
		};
		325D2D3A148D2290008EBB88 /* Debug */ = {
			isa = XCBuildConfiguration;
			baseConfigurationReference = 325D2D42148EBC4E008EBB88 /* liz_framework.xcconfig */;
			buildSettings = {
				DYLIB_COMPATIBILITY_VERSION = 1;
				DYLIB_CURRENT_VERSION = 1;
				FRAMEWORK_VERSION = A;
				GCC_PREFIX_HEADER = "liz/liz-Prefix.pch";
				INFOPLIST_FILE = "liz/liz-Info.plist";
				PRODUCT_NAME = "$(TARGET_NAME)";
				WRAPPER_EXTENSION = framework;
			};
			name = Debug;
		};
		325D2D3B148D2290008EBB88 /* Release */ = {
			isa = XCBuildConfiguration;
			baseConfigurationReference = 325D2D42148EBC4E008EBB88 /* liz_framework.xcconfig */;
			buildSettings = {
				DYLIB_COMPATIBILITY_VERSION = 1;
				DYLIB_CURRENT_VERSION = 1;
				FRAMEWORK_VERSION = A;
				GCC_PREFIX_HEADER = "liz/liz-Prefix.pch";
				INFOPLIST_FILE = "liz/liz-Info.plist";
				PRODUCT_NAME = "$(TARGET_NAME)";
				WRAPPER_EXTENSION = framework;
			};
			name = Release;
		};
		325D2D581490D78E008EBB88 /* Debug */ = {
			isa = XCBuildConfiguration;
			baseConfigurationReference = 325D2D5C1490D801008EBB88 /* liz_test.xcconfig */;
			buildSettings = {
				LIBRARY_SEARCH_PATHS = (
					"$(inherited)",
					"\"$(SRCROOT)/../../../../../ThirdParty/unittestpp-read-only/lib/win32_gcc_debug\"",
				);
				PRODUCT_NAME = "$(TARGET_NAME)";
			};
			name = Debug;
		};
		325D2D591490D78E008EBB88 /* Release */ = {
			isa = XCBuildConfiguration;
			baseConfigurationReference = 325D2D5C1490D801008EBB88 /* liz_test.xcconfig */;
			buildSettings = {
				LIBRARY_SEARCH_PATHS = (
					"$(inherited)",
					"\"$(SRCROOT)/../../../../../ThirdParty/unittestpp-read-only/lib/win32_gcc_debug\"",
				);
				PRODUCT_NAME = "$(TARGET_NAME)";
			};
			name = Release;
		};
/* End XCBuildConfiguration section */

/* Begin XCConfigurationList section */
		325D2D1D148D2290008EBB88 /* Build configuration list for PBXProject "liz" */ = {
			isa = XCConfigurationList;
			buildConfigurations = (
				325D2D37148D2290008EBB88 /* Debug */,
				325D2D38148D2290008EBB88 /* Release */,
			);
			defaultConfigurationIsVisible = 0;
			defaultConfigurationName = Release;
		};
		325D2D39148D2290008EBB88 /* Build configuration list for PBXNativeTarget "liz" */ = {
			isa = XCConfigurationList;
			buildConfigurations = (
				325D2D3A148D2290008EBB88 /* Debug */,
				325D2D3B148D2290008EBB88 /* Release */,
			);
			defaultConfigurationIsVisible = 0;
			defaultConfigurationName = Release;
		};
		325D2D571490D78E008EBB88 /* Build configuration list for PBXNativeTarget "liz_test" */ = {
			isa = XCConfigurationList;
			buildConfigurations = (
				325D2D581490D78E008EBB88 /* Debug */,
				325D2D591490D78E008EBB88 /* Release */,
			);
			defaultConfigurationIsVisible = 0;
			defaultConfigurationName = Release;
		};
/* End XCConfigurationList section */
	};
	rootObject = 325D2D1A148D2290008EBB88 /* Project object */;
}
